
Microsoft Visual Studio Solution File, Format Version 12.00
# Visual Studio Version 17
VisualStudioVersion = 17.2.32630.192
MinimumVisualStudioVersion = 10.0.40219.1
Project("{FAE04EC0-301F-11D3-BF4B-00C04F79EFBC}") = "ETL", "ETL\ETL.csproj", "{DAADA1E5-3934-4090-802E-63186724321A}"
EndProject
Global
	GlobalSection(SolutionConfigurationPlatforms) = preSolution
		Debug|Any CPU = Debug|Any CPU
		Release|Any CPU = Release|Any CPU
	EndGlobalSection
	GlobalSection(ProjectConfigurationPlatforms) = postSolution
		{DAADA1E5-3934-4090-802E-63186724321A}.Debug|Any CPU.ActiveCfg = Debug|Any CPU
		{DAADA1E5-3934-4090-802E-63186724321A}.Debug|Any CPU.Build.0 = Debug|Any CPU
		{DAADA1E5-3934-4090-802E-63186724321A}.Release|Any CPU.ActiveCfg = Release|Any CPU
		{DAADA1E5-3934-4090-802E-63186724321A}.Release|Any CPU.Build.0 = Release|Any CPU
	EndGlobalSection
	GlobalSection(SolutionProperties) = preSolution
		HideSolutionNode = FALSE
	EndGlobalSection
	GlobalSection(ExtensibilityGlobals) = postSolution
		SolutionGuid = {0007E56F-521D-437A-BAB3-C2E540CEE4F2}
	EndGlobalSection
EndGlobal
